
Microsoft Visual Studio Solution File, Format Version 12.00
# Visual Studio 15
VisualStudioVersion = 15.0.28307.1340
MinimumVisualStudioVersion = 10.0.40219.1
Project("{8BC9CEB8-8B4A-11D0-8D11-00A0C91BC942}") = "Lab1 DDL", "Lab1 DDL\Lab1 DDL.vcxproj", "{76E89635-591D-44CC-89DD-1040823006C1}"
EndProject
Global
	GlobalSection(SolutionConfigurationPlatforms) = preSolution
		Debug|x64 = Debug|x64
		Debug|x86 = Debug|x86
		Release|x64 = Release|x64
		Release|x86 = Release|x86
	EndGlobalSection
	GlobalSection(ProjectConfigurationPlatforms) = postSolution
		{76E89635-591D-44CC-89DD-1040823006C1}.Debug|x64.ActiveCfg = Debug|x64
		{76E89635-591D-44CC-89DD-1040823006C1}.Debug|x64.Build.0 = Debug|x64
		{76E89635-591D-44CC-89DD-1040823006C1}.Debug|x86.ActiveCfg = Debug|Win32
		{76E89635-591D-44CC-89DD-1040823006C1}.Debug|x86.Build.0 = Debug|Win32
		{76E89635-591D-44CC-89DD-1040823006C1}.Release|x64.ActiveCfg = Release|x64
		{76E89635-591D-44CC-89DD-1040823006C1}.Release|x64.Build.0 = Release|x64
		{76E89635-591D-44CC-89DD-1040823006C1}.Release|x86.ActiveCfg = Release|Win32
		{76E89635-591D-44CC-89DD-1040823006C1}.Release|x86.Build.0 = Release|Win32
	EndGlobalSection
	GlobalSection(SolutionProperties) = preSolution
		HideSolutionNode = FALSE
	EndGlobalSection
	GlobalSection(ExtensibilityGlobals) = postSolution
		SolutionGuid = {5C59BA66-C1A7-4580-A9A6-C2BA8D42F5AC}
	EndGlobalSection
EndGlobal
