
Microsoft Visual Studio Solution File, Format Version 12.00
# Visual Studio Version 16
VisualStudioVersion = 16.0.31019.35
MinimumVisualStudioVersion = 10.0.40219.1
Project("{8BC9CEB8-8B4A-11D0-8D11-00A0C91BC942}") = "labb4 test", "labb4 test\labb4 test.vcxproj", "{6A3F4A0B-79C3-419D-810D-D25A647A07F3}"
EndProject
Global
	GlobalSection(SolutionConfigurationPlatforms) = preSolution
		Debug|x64 = Debug|x64
		Debug|x86 = Debug|x86
		Release|x64 = Release|x64
		Release|x86 = Release|x86
	EndGlobalSection
	GlobalSection(ProjectConfigurationPlatforms) = postSolution
		{6A3F4A0B-79C3-419D-810D-D25A647A07F3}.Debug|x64.ActiveCfg = Debug|x64
		{6A3F4A0B-79C3-419D-810D-D25A647A07F3}.Debug|x64.Build.0 = Debug|x64
		{6A3F4A0B-79C3-419D-810D-D25A647A07F3}.Debug|x86.ActiveCfg = Debug|Win32
		{6A3F4A0B-79C3-419D-810D-D25A647A07F3}.Debug|x86.Build.0 = Debug|Win32
		{6A3F4A0B-79C3-419D-810D-D25A647A07F3}.Release|x64.ActiveCfg = Release|x64
		{6A3F4A0B-79C3-419D-810D-D25A647A07F3}.Release|x64.Build.0 = Release|x64
		{6A3F4A0B-79C3-419D-810D-D25A647A07F3}.Release|x86.ActiveCfg = Release|Win32
		{6A3F4A0B-79C3-419D-810D-D25A647A07F3}.Release|x86.Build.0 = Release|Win32
	EndGlobalSection
	GlobalSection(SolutionProperties) = preSolution
		HideSolutionNode = FALSE
	EndGlobalSection
	GlobalSection(ExtensibilityGlobals) = postSolution
		SolutionGuid = {6AE49908-8613-47CB-A3F1-07F039AED0E8}
	EndGlobalSection
EndGlobal
